
Microsoft Visual Studio Solution File, Format Version 12.00
# Visual Studio Version 16
VisualStudioVersion = 16.0.30711.63
MinimumVisualStudioVersion = 10.0.40219.1
Project("{FAE04EC0-301F-11D3-BF4B-00C04F79EFBC}") = "DantunkuraGallery.Server", "Server\DantunkuraGallery.Server.csproj", "{625CBFC9-58D4-401C-976A-CAE49AE420C4}"
EndProject
Project("{FAE04EC0-301F-11D3-BF4B-00C04F79EFBC}") = "DantunkuraGallery.Client", "Client\DantunkuraGallery.Client.csproj", "{B300BB9A-5943-4351-ABD5-DA8F29B262A3}"
EndProject
Project("{FAE04EC0-301F-11D3-BF4B-00C04F79EFBC}") = "DantunkuraGallery.Shared", "Shared\DantunkuraGallery.Shared.csproj", "{AAC6E905-9F3E-4EA8-A58D-8608ECDB4908}"
EndProject
Global
	GlobalSection(SolutionConfigurationPlatforms) = preSolution
		Debug|Any CPU = Debug|Any CPU
		Release|Any CPU = Release|Any CPU
	EndGlobalSection
	GlobalSection(ProjectConfigurationPlatforms) = postSolution
		{625CBFC9-58D4-401C-976A-CAE49AE420C4}.Debug|Any CPU.ActiveCfg = Debug|Any CPU
		{625CBFC9-58D4-401C-976A-CAE49AE420C4}.Debug|Any CPU.Build.0 = Debug|Any CPU
		{625CBFC9-58D4-401C-976A-CAE49AE420C4}.Release|Any CPU.ActiveCfg = Release|Any CPU
		{625CBFC9-58D4-401C-976A-CAE49AE420C4}.Release|Any CPU.Build.0 = Release|Any CPU
		{B300BB9A-5943-4351-ABD5-DA8F29B262A3}.Debug|Any CPU.ActiveCfg = Debug|Any CPU
		{B300BB9A-5943-4351-ABD5-DA8F29B262A3}.Debug|Any CPU.Build.0 = Debug|Any CPU
		{B300BB9A-5943-4351-ABD5-DA8F29B262A3}.Release|Any CPU.ActiveCfg = Release|Any CPU
		{B300BB9A-5943-4351-ABD5-DA8F29B262A3}.Release|Any CPU.Build.0 = Release|Any CPU
		{AAC6E905-9F3E-4EA8-A58D-8608ECDB4908}.Debug|Any CPU.ActiveCfg = Debug|Any CPU
		{AAC6E905-9F3E-4EA8-A58D-8608ECDB4908}.Debug|Any CPU.Build.0 = Debug|Any CPU
		{AAC6E905-9F3E-4EA8-A58D-8608ECDB4908}.Release|Any CPU.ActiveCfg = Release|Any CPU
		{AAC6E905-9F3E-4EA8-A58D-8608ECDB4908}.Release|Any CPU.Build.0 = Release|Any CPU
	EndGlobalSection
	GlobalSection(SolutionProperties) = preSolution
		HideSolutionNode = FALSE
	EndGlobalSection
	GlobalSection(ExtensibilityGlobals) = postSolution
		SolutionGuid = {B32BAD0B-CE5F-4FA1-90BE-506515D5F99B}
	EndGlobalSection
EndGlobal
